// !$*UTF8*$!
{
	archiveVersion = 1;
	classes = {
	};
	objectVersion = 48;
	objects = {

/* Begin PBXBuildFile section */
		DF688241151B615EED4145B6 /* libPods-WLMqtt.a in Frameworks */ = {isa = PBXBuildFile; fileRef = 8369C33833C3C09C27A05C07 /* libPods-WLMqtt.a */; };
		EFE3D4022085FF6C0053F613 /* LaunchScreen.storyboard in Resources */ = {isa = PBXBuildFile; fileRef = EFE3D3EE2085FF6C0053F613 /* LaunchScreen.storyboard */; };
		EFE3D4032085FF6C0053F613 /* Assets.xcassets in Resources */ = {isa = PBXBuildFile; fileRef = EFE3D3F02085FF6C0053F613 /* Assets.xcassets */; };
		EFE3D4042085FF6C0053F613 /* ViewController.m in Sources */ = {isa = PBXBuildFile; fileRef = EFE3D3F12085FF6C0053F613 /* ViewController.m */; };
		EFE3D4052085FF6C0053F613 /* Gamemsg.pbobjc.m in Sources */ = {isa = PBXBuildFile; fileRef = EFE3D3F32085FF6C0053F613 /* Gamemsg.pbobjc.m */; settings = {COMPILER_FLAGS = "-fno-objc-arc"; }; };
		EFE3D4062085FF6C0053F613 /* Main.storyboard in Resources */ = {isa = PBXBuildFile; fileRef = EFE3D3F52085FF6C0053F613 /* Main.storyboard */; };
		EFE3D4072085FF6C0053F613 /* main.m in Sources */ = {isa = PBXBuildFile; fileRef = EFE3D3F62085FF6C0053F613 /* main.m */; };
		EFE3D4082085FF6C0053F613 /* AppDelegate.m in Sources */ = {isa = PBXBuildFile; fileRef = EFE3D3F72085FF6C0053F613 /* AppDelegate.m */; };
		EFE3D4092085FF6C0053F613 /* gamemsg.proto in Resources */ = {isa = PBXBuildFile; fileRef = EFE3D3F92085FF6C0053F613 /* gamemsg.proto */; };
		EFE3D40A2085FF6C0053F613 /* Info.plist in Resources */ = {isa = PBXBuildFile; fileRef = EFE3D3FA2085FF6C0053F613 /* Info.plist */; };
		EFE3D45120860F5B0053F613 /* WLMQTTClientManager.m in Sources */ = {isa = PBXBuildFile; fileRef = EFE3D44F20860F5B0053F613 /* WLMQTTClientManager.m */; };
		EFE3D45220860F5B0053F613 /* WLMQTTStatus.m in Sources */ = {isa = PBXBuildFile; fileRef = EFE3D45020860F5B0053F613 /* WLMQTTStatus.m */; };
/* End PBXBuildFile section */

/* Begin PBXContainerItemProxy section */
		EF08558320808143001040B8 /* PBXContainerItemProxy */ = {
			isa = PBXContainerItemProxy;
			containerPortal = EF08556220808143001040B8 /* Project object */;
			proxyType = 1;
			remoteGlobalIDString = EF08556920808143001040B8;
			remoteInfo = mqtt;
		};
		EF08558E20808143001040B8 /* PBXContainerItemProxy */ = {
			isa = PBXContainerItemProxy;
			containerPortal = EF08556220808143001040B8 /* Project object */;
			proxyType = 1;
			remoteGlobalIDString = EF08556920808143001040B8;
			remoteInfo = mqtt;
		};
/* End PBXContainerItemProxy section */

/* Begin PBXFileReference section */
		71DB25506FBDC36C0D9B8B4E /* Pods-WLMqtt.release.xcconfig */ = {isa = PBXFileReference; includeInIndex = 1; lastKnownFileType = text.xcconfig; name = "Pods-WLMqtt.release.xcconfig"; path = "Pods/Target Support Files/Pods-WLMqtt/Pods-WLMqtt.release.xcconfig"; sourceTree = "<group>"; };
		8369C33833C3C09C27A05C07 /* libPods-WLMqtt.a */ = {isa = PBXFileReference; explicitFileType = archive.ar; includeInIndex = 0; path = "libPods-WLMqtt.a"; sourceTree = BUILT_PRODUCTS_DIR; };
		9B310E30C1528F280A555D3F /* Pods-WLMqtt.debug.xcconfig */ = {isa = PBXFileReference; includeInIndex = 1; lastKnownFileType = text.xcconfig; name = "Pods-WLMqtt.debug.xcconfig"; path = "Pods/Target Support Files/Pods-WLMqtt/Pods-WLMqtt.debug.xcconfig"; sourceTree = "<group>"; };
		EF08556A20808143001040B8 /* WLMqtt.app */ = {isa = PBXFileReference; explicitFileType = wrapper.application; includeInIndex = 0; path = WLMqtt.app; sourceTree = BUILT_PRODUCTS_DIR; };
		EF08558220808143001040B8 /* WLMqttTests.xctest */ = {isa = PBXFileReference; explicitFileType = wrapper.cfbundle; includeInIndex = 0; path = WLMqttTests.xctest; sourceTree = BUILT_PRODUCTS_DIR; };
		EF08558D20808143001040B8 /* WLMqttUITests.xctest */ = {isa = PBXFileReference; explicitFileType = wrapper.cfbundle; includeInIndex = 0; path = WLMqttUITests.xctest; sourceTree = BUILT_PRODUCTS_DIR; };
		EFE3D3EE2085FF6C0053F613 /* LaunchScreen.storyboard */ = {isa = PBXFileReference; fileEncoding = 4; lastKnownFileType = file.storyboard; path = LaunchScreen.storyboard; sourceTree = "<group>"; };
		EFE3D3EF2085FF6C0053F613 /* AppDelegate.h */ = {isa = PBXFileReference; fileEncoding = 4; lastKnownFileType = sourcecode.c.h; path = AppDelegate.h; sourceTree = "<group>"; };
		EFE3D3F02085FF6C0053F613 /* Assets.xcassets */ = {isa = PBXFileReference; lastKnownFileType = folder.assetcatalog; path = Assets.xcassets; sourceTree = "<group>"; };
		EFE3D3F12085FF6C0053F613 /* ViewController.m */ = {isa = PBXFileReference; fileEncoding = 4; lastKnownFileType = sourcecode.c.objc; path = ViewController.m; sourceTree = "<group>"; };
		EFE3D3F32085FF6C0053F613 /* Gamemsg.pbobjc.m */ = {isa = PBXFileReference; fileEncoding = 4; lastKnownFileType = sourcecode.c.objc; path = Gamemsg.pbobjc.m; sourceTree = "<group>"; };
		EFE3D3F42085FF6C0053F613 /* Gamemsg.pbobjc.h */ = {isa = PBXFileReference; fileEncoding = 4; lastKnownFileType = sourcecode.c.h; path = Gamemsg.pbobjc.h; sourceTree = "<group>"; };
		EFE3D3F52085FF6C0053F613 /* Main.storyboard */ = {isa = PBXFileReference; fileEncoding = 4; lastKnownFileType = file.storyboard; path = Main.storyboard; sourceTree = "<group>"; };
		EFE3D3F62085FF6C0053F613 /* main.m */ = {isa = PBXFileReference; fileEncoding = 4; lastKnownFileType = sourcecode.c.objc; path = main.m; sourceTree = "<group>"; };
		EFE3D3F72085FF6C0053F613 /* AppDelegate.m */ = {isa = PBXFileReference; fileEncoding = 4; lastKnownFileType = sourcecode.c.objc; path = AppDelegate.m; sourceTree = "<group>"; };
		EFE3D3F92085FF6C0053F613 /* gamemsg.proto */ = {isa = PBXFileReference; fileEncoding = 4; lastKnownFileType = text; path = gamemsg.proto; sourceTree = "<group>"; };
		EFE3D3FA2085FF6C0053F613 /* Info.plist */ = {isa = PBXFileReference; fileEncoding = 4; lastKnownFileType = text.plist.xml; path = Info.plist; sourceTree = "<group>"; };
		EFE3D3FB2085FF6C0053F613 /* ViewController.h */ = {isa = PBXFileReference; fileEncoding = 4; lastKnownFileType = sourcecode.c.h; path = ViewController.h; sourceTree = "<group>"; };
		EFE3D44C20860F5B0053F613 /* WLMQTTStatus.h */ = {isa = PBXFileReference; fileEncoding = 4; lastKnownFileType = sourcecode.c.h; path = WLMQTTStatus.h; sourceTree = "<group>"; };
		EFE3D44D20860F5B0053F613 /* WLMQTTClientManager.h */ = {isa = PBXFileReference; fileEncoding = 4; lastKnownFileType = sourcecode.c.h; path = WLMQTTClientManager.h; sourceTree = "<group>"; };
		EFE3D44F20860F5B0053F613 /* WLMQTTClientManager.m */ = {isa = PBXFileReference; fileEncoding = 4; lastKnownFileType = sourcecode.c.objc; path = WLMQTTClientManager.m; sourceTree = "<group>"; };
		EFE3D45020860F5B0053F613 /* WLMQTTStatus.m */ = {isa = PBXFileReference; fileEncoding = 4; lastKnownFileType = sourcecode.c.objc; path = WLMQTTStatus.m; sourceTree = "<group>"; };
/* End PBXFileReference section */

/* Begin PBXFrameworksBuildPhase section */
		EF08556720808143001040B8 /* Frameworks */ = {
			isa = PBXFrameworksBuildPhase;
			buildActionMask = 2147483647;
			files = (
				DF688241151B615EED4145B6 /* libPods-WLMqtt.a in Frameworks */,
			);
			runOnlyForDeploymentPostprocessing = 0;
		};
		EF08557F20808143001040B8 /* Frameworks */ = {
			isa = PBXFrameworksBuildPhase;
			buildActionMask = 2147483647;
			files = (
			);
			runOnlyForDeploymentPostprocessing = 0;
		};
		EF08558A20808143001040B8 /* Frameworks */ = {
			isa = PBXFrameworksBuildPhase;
			buildActionMask = 2147483647;
			files = (
			);
			runOnlyForDeploymentPostprocessing = 0;
		};
/* End PBXFrameworksBuildPhase section */

/* Begin PBXGroup section */
		9CC082EAE87CB537ACC36C59 /* Frameworks */ = {
			isa = PBXGroup;
			children = (
				8369C33833C3C09C27A05C07 /* libPods-WLMqtt.a */,
			);
			name = Frameworks;
			sourceTree = "<group>";
		};
		A4CED60C658A35045EEC534B /* Pods */ = {
			isa = PBXGroup;
			children = (
				9B310E30C1528F280A555D3F /* Pods-WLMqtt.debug.xcconfig */,
				71DB25506FBDC36C0D9B8B4E /* Pods-WLMqtt.release.xcconfig */,
			);
			name = Pods;
			sourceTree = "<group>";
		};
		EF08556120808143001040B8 = {
			isa = PBXGroup;
			children = (
				9CC082EAE87CB537ACC36C59 /* Frameworks */,
				A4CED60C658A35045EEC534B /* Pods */,
				EF08556B20808143001040B8 /* Products */,
				EFE3D44B20860F5B0053F613 /* Class */,
				EFE3D3ED2085FF6C0053F613 /* WLMqttDemo */,
			);
			sourceTree = "<group>";
		};
		EF08556B20808143001040B8 /* Products */ = {
			isa = PBXGroup;
			children = (
				EF08556A20808143001040B8 /* WLMqtt.app */,
				EF08558220808143001040B8 /* WLMqttTests.xctest */,
				EF08558D20808143001040B8 /* WLMqttUITests.xctest */,
			);
			name = Products;
			sourceTree = "<group>";
		};
		EFE3D3ED2085FF6C0053F613 /* WLMqttDemo */ = {
			isa = PBXGroup;
			children = (
				EFE3D3F22085FF6C0053F613 /* Gen */,
				EFE3D3F82085FF6C0053F613 /* Protobuf */,
				EFE3D3EF2085FF6C0053F613 /* AppDelegate.h */,
				EFE3D3F72085FF6C0053F613 /* AppDelegate.m */,
				EFE3D3F02085FF6C0053F613 /* Assets.xcassets */,
				EFE3D3FA2085FF6C0053F613 /* Info.plist */,
				EFE3D3EE2085FF6C0053F613 /* LaunchScreen.storyboard */,
				EFE3D3F52085FF6C0053F613 /* Main.storyboard */,
				EFE3D3FB2085FF6C0053F613 /* ViewController.h */,
				EFE3D3F12085FF6C0053F613 /* ViewController.m */,
				EFE3D3F62085FF6C0053F613 /* main.m */,
			);
			path = WLMqttDemo;
			sourceTree = "<group>";
		};
		EFE3D3F22085FF6C0053F613 /* Gen */ = {
			isa = PBXGroup;
			children = (
				EFE3D3F42085FF6C0053F613 /* Gamemsg.pbobjc.h */,
				EFE3D3F32085FF6C0053F613 /* Gamemsg.pbobjc.m */,
			);
			path = Gen;
			sourceTree = "<group>";
		};
		EFE3D3F82085FF6C0053F613 /* Protobuf */ = {
			isa = PBXGroup;
			children = (
				EFE3D3F92085FF6C0053F613 /* gamemsg.proto */,
			);
			path = Protobuf;
			sourceTree = "<group>";
		};
		EFE3D44B20860F5B0053F613 /* Class */ = {
			isa = PBXGroup;
			children = (
				EFE3D44D20860F5B0053F613 /* WLMQTTClientManager.h */,
				EFE3D44F20860F5B0053F613 /* WLMQTTClientManager.m */,
				EFE3D44C20860F5B0053F613 /* WLMQTTStatus.h */,
				EFE3D45020860F5B0053F613 /* WLMQTTStatus.m */,
			);
			path = Class;
			sourceTree = "<group>";
		};
/* End PBXGroup section */

/* Begin PBXNativeTarget section */
		EF08556920808143001040B8 /* WLMqtt */ = {
			isa = PBXNativeTarget;
			buildConfigurationList = EF08559620808143001040B8 /* Build configuration list for PBXNativeTarget "WLMqtt" */;
			buildPhases = (
				C14FE027DB6FB113C9E3D4F6 /* [CP] Check Pods Manifest.lock */,
				EF08556620808143001040B8 /* Sources */,
				EF08556720808143001040B8 /* Frameworks */,
				EF08556820808143001040B8 /* Resources */,
			);
			buildRules = (
			);
			dependencies = (
			);
			name = WLMqtt;
			productName = mqtt;
			productReference = EF08556A20808143001040B8 /* WLMqtt.app */;
			productType = "com.apple.product-type.application";
		};
		EF08558120808143001040B8 /* WLMqttTests */ = {
			isa = PBXNativeTarget;
			buildConfigurationList = EF08559920808143001040B8 /* Build configuration list for PBXNativeTarget "WLMqttTests" */;
			buildPhases = (
				EF08557E20808143001040B8 /* Sources */,
				EF08557F20808143001040B8 /* Frameworks */,
				EF08558020808143001040B8 /* Resources */,
			);
			buildRules = (
			);
			dependencies = (
				EF08558420808143001040B8 /* PBXTargetDependency */,
			);
			name = WLMqttTests;
			productName = mqttTests;
			productReference = EF08558220808143001040B8 /* WLMqttTests.xctest */;
			productType = "com.apple.product-type.bundle.unit-test";
		};
		EF08558C20808143001040B8 /* WLMqttUITests */ = {
			isa = PBXNativeTarget;
			buildConfigurationList = EF08559C20808143001040B8 /* Build configuration list for PBXNativeTarget "WLMqttUITests" */;
			buildPhases = (
				EF08558920808143001040B8 /* Sources */,
				EF08558A20808143001040B8 /* Frameworks */,
				EF08558B20808143001040B8 /* Resources */,
			);
			buildRules = (
			);
			dependencies = (
				EF08558F20808143001040B8 /* PBXTargetDependency */,
			);
			name = WLMqttUITests;
			productName = mqttUITests;
			productReference = EF08558D20808143001040B8 /* WLMqttUITests.xctest */;
			productType = "com.apple.product-type.bundle.ui-testing";
		};
/* End PBXNativeTarget section */

/* Begin PBXProject section */
		EF08556220808143001040B8 /* Project object */ = {
			isa = PBXProject;
			attributes = {
				LastUpgradeCheck = 0920;
				ORGANIZATIONNAME = "王亮";
				TargetAttributes = {
					EF08556920808143001040B8 = {
						CreatedOnToolsVersion = 9.2;
						ProvisioningStyle = Automatic;
					};
					EF08558120808143001040B8 = {
						CreatedOnToolsVersion = 9.2;
						ProvisioningStyle = Automatic;
						TestTargetID = EF08556920808143001040B8;
					};
					EF08558C20808143001040B8 = {
						CreatedOnToolsVersion = 9.2;
						ProvisioningStyle = Automatic;
						TestTargetID = EF08556920808143001040B8;
					};
				};
			};
			buildConfigurationList = EF08556520808143001040B8 /* Build configuration list for PBXProject "WLMqtt" */;
			compatibilityVersion = "Xcode 8.0";
			developmentRegion = en;
			hasScannedForEncodings = 0;
			knownRegions = (
				en,
				Base,
			);
			mainGroup = EF08556120808143001040B8;
			productRefGroup = EF08556B20808143001040B8 /* Products */;
			projectDirPath = "";
			projectRoot = "";
			targets = (
				EF08556920808143001040B8 /* WLMqtt */,
				EF08558120808143001040B8 /* WLMqttTests */,
				EF08558C20808143001040B8 /* WLMqttUITests */,
			);
		};
/* End PBXProject section */

/* Begin PBXResourcesBuildPhase section */
		EF08556820808143001040B8 /* Resources */ = {
			isa = PBXResourcesBuildPhase;
			buildActionMask = 2147483647;
			files = (
				EFE3D4092085FF6C0053F613 /* gamemsg.proto in Resources */,
				EFE3D4062085FF6C0053F613 /* Main.storyboard in Resources */,
				EFE3D4032085FF6C0053F613 /* Assets.xcassets in Resources */,
				EFE3D40A2085FF6C0053F613 /* Info.plist in Resources */,
				EFE3D4022085FF6C0053F613 /* LaunchScreen.storyboard in Resources */,
			);
			runOnlyForDeploymentPostprocessing = 0;
		};
		EF08558020808143001040B8 /* Resources */ = {
			isa = PBXResourcesBuildPhase;
			buildActionMask = 2147483647;
			files = (
			);
			runOnlyForDeploymentPostprocessing = 0;
		};
		EF08558B20808143001040B8 /* Resources */ = {
			isa = PBXResourcesBuildPhase;
			buildActionMask = 2147483647;
			files = (
			);
			runOnlyForDeploymentPostprocessing = 0;
		};
/* End PBXResourcesBuildPhase section */

/* Begin PBXShellScriptBuildPhase section */
		C14FE027DB6FB113C9E3D4F6 /* [CP] Check Pods Manifest.lock */ = {
			isa = PBXShellScriptBuildPhase;
			buildActionMask = 2147483647;
			files = (
			);
			inputPaths = (
				"${PODS_PODFILE_DIR_PATH}/Podfile.lock",
				"${PODS_ROOT}/Manifest.lock",
			);
			name = "[CP] Check Pods Manifest.lock";
			outputPaths = (
				"$(DERIVED_FILE_DIR)/Pods-WLMqtt-checkManifestLockResult.txt",
			);
			runOnlyForDeploymentPostprocessing = 0;
			shellPath = /bin/sh;
			shellScript = "diff \"${PODS_PODFILE_DIR_PATH}/Podfile.lock\" \"${PODS_ROOT}/Manifest.lock\" > /dev/null\nif [ $? != 0 ] ; then\n    # print error to STDERR\n    echo \"error: The sandbox is not in sync with the Podfile.lock. Run 'pod install' or update your CocoaPods installation.\" >&2\n    exit 1\nfi\n# This output is used by Xcode 'outputs' to avoid re-running this script phase.\necho \"SUCCESS\" > \"${SCRIPT_OUTPUT_FILE_0}\"\n";
			showEnvVarsInLog = 0;
		};
/* End PBXShellScriptBuildPhase section */

/* Begin PBXSourcesBuildPhase section */
		EF08556620808143001040B8 /* Sources */ = {
			isa = PBXSourcesBuildPhase;
			buildActionMask = 2147483647;
			files = (
				EFE3D45220860F5B0053F613 /* WLMQTTStatus.m in Sources */,
				EFE3D4082085FF6C0053F613 /* AppDelegate.m in Sources */,
				EFE3D4052085FF6C0053F613 /* Gamemsg.pbobjc.m in Sources */,
				EFE3D45120860F5B0053F613 /* WLMQTTClientManager.m in Sources */,
				EFE3D4072085FF6C0053F613 /* main.m in Sources */,
				EFE3D4042085FF6C0053F613 /* ViewController.m in Sources */,
			);
			runOnlyForDeploymentPostprocessing = 0;
		};
		EF08557E20808143001040B8 /* Sources */ = {
			isa = PBXSourcesBuildPhase;
			buildActionMask = 2147483647;
			files = (
			);
			runOnlyForDeploymentPostprocessing = 0;
		};
		EF08558920808143001040B8 /* Sources */ = {
			isa = PBXSourcesBuildPhase;
			buildActionMask = 2147483647;
			files = (
			);
			runOnlyForDeploymentPostprocessing = 0;
		};
/* End PBXSourcesBuildPhase section */

/* Begin PBXTargetDependency section */
		EF08558420808143001040B8 /* PBXTargetDependency */ = {
			isa = PBXTargetDependency;
			target = EF08556920808143001040B8 /* WLMqtt */;
			targetProxy = EF08558320808143001040B8 /* PBXContainerItemProxy */;
		};
		EF08558F20808143001040B8 /* PBXTargetDependency */ = {
			isa = PBXTargetDependency;
			target = EF08556920808143001040B8 /* WLMqtt */;
			targetProxy = EF08558E20808143001040B8 /* PBXContainerItemProxy */;
		};
/* End PBXTargetDependency section */

/* Begin XCBuildConfiguration section */
		EF08559420808143001040B8 /* Debug */ = {
			isa = XCBuildConfiguration;
			buildSettings = {
				ALWAYS_SEARCH_USER_PATHS = NO;
				CLANG_ANALYZER_NONNULL = YES;
				CLANG_ANALYZER_NUMBER_OBJECT_CONVERSION = YES_AGGRESSIVE;
				CLANG_CXX_LANGUAGE_STANDARD = "gnu++14";
				CLANG_CXX_LIBRARY = "libc++";
				CLANG_ENABLE_MODULES = YES;
				CLANG_ENABLE_OBJC_ARC = YES;
				CLANG_WARN_BLOCK_CAPTURE_AUTORELEASING = YES;
				CLANG_WARN_BOOL_CONVERSION = YES;
				CLANG_WARN_COMMA = YES;
				CLANG_WARN_CONSTANT_CONVERSION = YES;
				CLANG_WARN_DIRECT_OBJC_ISA_USAGE = YES_ERROR;
				CLANG_WARN_DOCUMENTATION_COMMENTS = YES;
				CLANG_WARN_EMPTY_BODY = YES;
				CLANG_WARN_ENUM_CONVERSION = YES;
				CLANG_WARN_INFINITE_RECURSION = YES;
				CLANG_WARN_INT_CONVERSION = YES;
				CLANG_WARN_NON_LITERAL_NULL_CONVERSION = YES;
				CLANG_WARN_OBJC_LITERAL_CONVERSION = YES;
				CLANG_WARN_OBJC_ROOT_CLASS = YES_ERROR;
				CLANG_WARN_RANGE_LOOP_ANALYSIS = YES;
				CLANG_WARN_STRICT_PROTOTYPES = YES;
				CLANG_WARN_SUSPICIOUS_MOVE = YES;
				CLANG_WARN_UNGUARDED_AVAILABILITY = YES_AGGRESSIVE;
				CLANG_WARN_UNREACHABLE_CODE = YES;
				CLANG_WARN__DUPLICATE_METHOD_MATCH = YES;
				CODE_SIGN_IDENTITY = "iPhone Developer";
				COPY_PHASE_STRIP = NO;
				DEBUG_INFORMATION_FORMAT = dwarf;
				ENABLE_STRICT_OBJC_MSGSEND = YES;
				ENABLE_TESTABILITY = YES;
				GCC_C_LANGUAGE_STANDARD = gnu11;
				GCC_DYNAMIC_NO_PIC = NO;
				GCC_NO_COMMON_BLOCKS = YES;
				GCC_OPTIMIZATION_LEVEL = 0;
				GCC_PREPROCESSOR_DEFINITIONS = (
					"DEBUG=1",
					"$(inherited)",
				);
				GCC_WARN_64_TO_32_BIT_CONVERSION = YES;
				GCC_WARN_ABOUT_RETURN_TYPE = YES_ERROR;
				GCC_WARN_UNDECLARED_SELECTOR = YES;
				GCC_WARN_UNINITIALIZED_AUTOS = YES_AGGRESSIVE;
				GCC_WARN_UNUSED_FUNCTION = YES;
				GCC_WARN_UNUSED_VARIABLE = YES;
				IPHONEOS_DEPLOYMENT_TARGET = 11.2;
				MTL_ENABLE_DEBUG_INFO = YES;
				ONLY_ACTIVE_ARCH = YES;
				SDKROOT = iphoneos;
			};
			name = Debug;
		};
		EF08559520808143001040B8 /* Release */ = {
			isa = XCBuildConfiguration;
			buildSettings = {
				ALWAYS_SEARCH_USER_PATHS = NO;
				CLANG_ANALYZER_NONNULL = YES;
				CLANG_ANALYZER_NUMBER_OBJECT_CONVERSION = YES_AGGRESSIVE;
				CLANG_CXX_LANGUAGE_STANDARD = "gnu++14";
				CLANG_CXX_LIBRARY = "libc++";
				CLANG_ENABLE_MODULES = YES;
				CLANG_ENABLE_OBJC_ARC = YES;
				CLANG_WARN_BLOCK_CAPTURE_AUTORELEASING = YES;
				CLANG_WARN_BOOL_CONVERSION = YES;
				CLANG_WARN_COMMA = YES;
				CLANG_WARN_CONSTANT_CONVERSION = YES;
				CLANG_WARN_DIRECT_OBJC_ISA_USAGE = YES_ERROR;
				CLANG_WARN_DOCUMENTATION_COMMENTS = YES;
				CLANG_WARN_EMPTY_BODY = YES;
				CLANG_WARN_ENUM_CONVERSION = YES;
				CLANG_WARN_INFINITE_RECURSION = YES;
				CLANG_WARN_INT_CONVERSION = YES;
				CLANG_WARN_NON_LITERAL_NULL_CONVERSION = YES;
				CLANG_WARN_OBJC_LITERAL_CONVERSION = YES;
				CLANG_WARN_OBJC_ROOT_CLASS = YES_ERROR;
				CLANG_WARN_RANGE_LOOP_ANALYSIS = YES;
				CLANG_WARN_STRICT_PROTOTYPES = YES;
				CLANG_WARN_SUSPICIOUS_MOVE = YES;
				CLANG_WARN_UNGUARDED_AVAILABILITY = YES_AGGRESSIVE;
				CLANG_WARN_UNREACHABLE_CODE = YES;
				CLANG_WARN__DUPLICATE_METHOD_MATCH = YES;
				CODE_SIGN_IDENTITY = "iPhone Developer";
				COPY_PHASE_STRIP = NO;
				DEBUG_INFORMATION_FORMAT = "dwarf-with-dsym";
				ENABLE_NS_ASSERTIONS = NO;
				ENABLE_STRICT_OBJC_MSGSEND = YES;
				GCC_C_LANGUAGE_STANDARD = gnu11;
				GCC_NO_COMMON_BLOCKS = YES;
				GCC_WARN_64_TO_32_BIT_CONVERSION = YES;
				GCC_WARN_ABOUT_RETURN_TYPE = YES_ERROR;
				GCC_WARN_UNDECLARED_SELECTOR = YES;
				GCC_WARN_UNINITIALIZED_AUTOS = YES_AGGRESSIVE;
				GCC_WARN_UNUSED_FUNCTION = YES;
				GCC_WARN_UNUSED_VARIABLE = YES;
				IPHONEOS_DEPLOYMENT_TARGET = 11.2;
				MTL_ENABLE_DEBUG_INFO = NO;
				SDKROOT = iphoneos;
				VALIDATE_PRODUCT = YES;
			};
			name = Release;
		};
		EF08559720808143001040B8 /* Debug */ = {
			isa = XCBuildConfiguration;
			baseConfigurationReference = 9B310E30C1528F280A555D3F /* Pods-WLMqtt.debug.xcconfig */;
			buildSettings = {
				ASSETCATALOG_COMPILER_APPICON_NAME = AppIcon;
				CODE_SIGN_STYLE = Automatic;
				DEVELOPMENT_TEAM = 5L9DE6VDRE;
				HEADER_SEARCH_PATHS = (
					"$(inherited)",
					"\"${PODS_ROOT}/Headers/Public\"",
					"\"${PODS_ROOT}/Headers/Public/CocoaLumberjack\"",
					"\"${PODS_ROOT}/Headers/Public/MQTTClient\"",
					"\"${PODS_ROOT}/Headers/Public/SocketRocket\"",
					"$(PROJECT)/ProtocolBuffer",
				);
				INFOPLIST_FILE = "$(SRCROOT)/WLMqttDemo/Info.plist";
				IPHONEOS_DEPLOYMENT_TARGET = 8;
				LD_RUNPATH_SEARCH_PATHS = "$(inherited) @executable_path/Frameworks";
				LIBRARY_SEARCH_PATHS = (
					"$(inherited)",
					"$(PROJECT_DIR)/mqtt/src/.libs",
				);
				PRODUCT_BUNDLE_IDENTIFIER = mrwa.mqtt;
				PRODUCT_NAME = "$(TARGET_NAME)";
				REZ_SEARCH_PATHS = "$(PROJECT)/ProtocolBuffer";
				TARGETED_DEVICE_FAMILY = "1,2";
			};
			name = Debug;
		};
		EF08559820808143001040B8 /* Release */ = {
			isa = XCBuildConfiguration;
			baseConfigurationReference = 71DB25506FBDC36C0D9B8B4E /* Pods-WLMqtt.release.xcconfig */;
			buildSettings = {
				ASSETCATALOG_COMPILER_APPICON_NAME = AppIcon;
				CODE_SIGN_STYLE = Automatic;
				DEVELOPMENT_TEAM = 5L9DE6VDRE;
				HEADER_SEARCH_PATHS = (
					"$(inherited)",
					"\"${PODS_ROOT}/Headers/Public\"",
					"\"${PODS_ROOT}/Headers/Public/CocoaLumberjack\"",
					"\"${PODS_ROOT}/Headers/Public/MQTTClient\"",
					"\"${PODS_ROOT}/Headers/Public/SocketRocket\"",
					"$(PROJECT)/ProtocolBuffer",
				);
				INFOPLIST_FILE = "$(SRCROOT)/WLMqttDemo/Info.plist";
				IPHONEOS_DEPLOYMENT_TARGET = 8;
				LD_RUNPATH_SEARCH_PATHS = "$(inherited) @executable_path/Frameworks";
				LIBRARY_SEARCH_PATHS = (
					"$(inherited)",
					"$(PROJECT_DIR)/mqtt/src/.libs",
				);
				PRODUCT_BUNDLE_IDENTIFIER = mrwa.mqtt;
				PRODUCT_NAME = "$(TARGET_NAME)";
				REZ_SEARCH_PATHS = "$(PROJECT)/ProtocolBuffer";
				TARGETED_DEVICE_FAMILY = "1,2";
			};
			name = Release;
		};
		EF08559A20808143001040B8 /* Debug */ = {
			isa = XCBuildConfiguration;
			buildSettings = {
				BUNDLE_LOADER = "$(TEST_HOST)";
				CODE_SIGN_STYLE = Automatic;
				DEVELOPMENT_TEAM = 5L9DE6VDRE;
				INFOPLIST_FILE = mqttTests/Info.plist;
				LD_RUNPATH_SEARCH_PATHS = "$(inherited) @executable_path/Frameworks @loader_path/Frameworks";
				PRODUCT_BUNDLE_IDENTIFIER = mrwa.mqttTests;
				PRODUCT_NAME = "$(TARGET_NAME)";
				TARGETED_DEVICE_FAMILY = "1,2";
				TEST_HOST = "$(BUILT_PRODUCTS_DIR)/WLMqtt.app/WLMqtt";
			};
			name = Debug;
		};
		EF08559B20808143001040B8 /* Release */ = {
			isa = XCBuildConfiguration;
			buildSettings = {
				BUNDLE_LOADER = "$(TEST_HOST)";
				CODE_SIGN_STYLE = Automatic;
				DEVELOPMENT_TEAM = 5L9DE6VDRE;
				INFOPLIST_FILE = mqttTests/Info.plist;
				LD_RUNPATH_SEARCH_PATHS = "$(inherited) @executable_path/Frameworks @loader_path/Frameworks";
				PRODUCT_BUNDLE_IDENTIFIER = mrwa.mqttTests;
				PRODUCT_NAME = "$(TARGET_NAME)";
				TARGETED_DEVICE_FAMILY = "1,2";
				TEST_HOST = "$(BUILT_PRODUCTS_DIR)/WLMqtt.app/WLMqtt";
			};
			name = Release;
		};
		EF08559D20808143001040B8 /* Debug */ = {
			isa = XCBuildConfiguration;
			buildSettings = {
				CODE_SIGN_STYLE = Automatic;
				DEVELOPMENT_TEAM = 5L9DE6VDRE;
				INFOPLIST_FILE = mqttUITests/Info.plist;
				LD_RUNPATH_SEARCH_PATHS = "$(inherited) @executable_path/Frameworks @loader_path/Frameworks";
				PRODUCT_BUNDLE_IDENTIFIER = mrwa.mqttUITests;
				PRODUCT_NAME = "$(TARGET_NAME)";
				TARGETED_DEVICE_FAMILY = "1,2";
				TEST_TARGET_NAME = mqtt;
			};
			name = Debug;
		};
		EF08559E20808143001040B8 /* Release */ = {
			isa = XCBuildConfiguration;
			buildSettings = {
				CODE_SIGN_STYLE = Automatic;
				DEVELOPMENT_TEAM = 5L9DE6VDRE;
				INFOPLIST_FILE = mqttUITests/Info.plist;
				LD_RUNPATH_SEARCH_PATHS = "$(inherited) @executable_path/Frameworks @loader_path/Frameworks";
				PRODUCT_BUNDLE_IDENTIFIER = mrwa.mqttUITests;
				PRODUCT_NAME = "$(TARGET_NAME)";
				TARGETED_DEVICE_FAMILY = "1,2";
				TEST_TARGET_NAME = mqtt;
			};
			name = Release;
		};
/* End XCBuildConfiguration section */

/* Begin XCConfigurationList section */
		EF08556520808143001040B8 /* Build configuration list for PBXProject "WLMqtt" */ = {
			isa = XCConfigurationList;
			buildConfigurations = (
				EF08559420808143001040B8 /* Debug */,
				EF08559520808143001040B8 /* Release */,
			);
			defaultConfigurationIsVisible = 0;
			defaultConfigurationName = Release;
		};
		EF08559620808143001040B8 /* Build configuration list for PBXNativeTarget "WLMqtt" */ = {
			isa = XCConfigurationList;
			buildConfigurations = (
				EF08559720808143001040B8 /* Debug */,
				EF08559820808143001040B8 /* Release */,
			);
			defaultConfigurationIsVisible = 0;
			defaultConfigurationName = Release;
		};
		EF08559920808143001040B8 /* Build configuration list for PBXNativeTarget "WLMqttTests" */ = {
			isa = XCConfigurationList;
			buildConfigurations = (
				EF08559A20808143001040B8 /* Debug */,
				EF08559B20808143001040B8 /* Release */,
			);
			defaultConfigurationIsVisible = 0;
			defaultConfigurationName = Release;
		};
		EF08559C20808143001040B8 /* Build configuration list for PBXNativeTarget "WLMqttUITests" */ = {
			isa = XCConfigurationList;
			buildConfigurations = (
				EF08559D20808143001040B8 /* Debug */,
				EF08559E20808143001040B8 /* Release */,
			);
			defaultConfigurationIsVisible = 0;
			defaultConfigurationName = Release;
		};
/* End XCConfigurationList section */
	};
	rootObject = EF08556220808143001040B8 /* Project object */;
}
